
Microsoft Visual Studio Solution File, Format Version 12.00
# Visual Studio Version 18
VisualStudioVersion = 18.6.11806.211 stable
MinimumVisualStudioVersion = 10.0.40219.1
Project("{FAE04EC0-301F-11D3-BF4B-00C04F79EFBC}") = "WarehouseApp", "..\..\WarehouseApp\WarehouseApp.csproj", "{713ACBFC-98FC-FE2F-F9DC-607E436808F0}"
EndProject
Project("{FAE04EC0-301F-11D3-BF4B-00C04F79EFBC}") = "WarehouseApp_Tests_xUnit", "..\..\WarehouseApp_Tests_xUnit\WarehouseApp_Tests_xUnit.csproj", "{A4D4A7C8-2789-26C7-B002-346CFBBC3391}"
EndProject
Project("{FAE04EC0-301F-11D3-BF4B-00C04F79EFBC}") = "WarehouseData", "..\..\WarehouseData\WarehouseData.csproj", "{8B5B5B10-240E-31B9-6D08-98C10E523E0F}"
EndProject
Global
	GlobalSection(SolutionConfigurationPlatforms) = preSolution
		Debug|Any CPU = Debug|Any CPU
		Release|Any CPU = Release|Any CPU
	EndGlobalSection
	GlobalSection(ProjectConfigurationPlatforms) = postSolution
		{713ACBFC-98FC-FE2F-F9DC-607E436808F0}.Debug|Any CPU.ActiveCfg = Debug|Any CPU
		{713ACBFC-98FC-FE2F-F9DC-607E436808F0}.Debug|Any CPU.Build.0 = Debug|Any CPU
		{713ACBFC-98FC-FE2F-F9DC-607E436808F0}.Release|Any CPU.ActiveCfg = Release|Any CPU
		{713ACBFC-98FC-FE2F-F9DC-607E436808F0}.Release|Any CPU.Build.0 = Release|Any CPU
		{A4D4A7C8-2789-26C7-B002-346CFBBC3391}.Debug|Any CPU.ActiveCfg = Debug|Any CPU
		{A4D4A7C8-2789-26C7-B002-346CFBBC3391}.Debug|Any CPU.Build.0 = Debug|Any CPU
		{A4D4A7C8-2789-26C7-B002-346CFBBC3391}.Release|Any CPU.ActiveCfg = Release|Any CPU
		{A4D4A7C8-2789-26C7-B002-346CFBBC3391}.Release|Any CPU.Build.0 = Release|Any CPU
		{8B5B5B10-240E-31B9-6D08-98C10E523E0F}.Debug|Any CPU.ActiveCfg = Debug|Any CPU
		{8B5B5B10-240E-31B9-6D08-98C10E523E0F}.Debug|Any CPU.Build.0 = Debug|Any CPU
		{8B5B5B10-240E-31B9-6D08-98C10E523E0F}.Release|Any CPU.ActiveCfg = Release|Any CPU
		{8B5B5B10-240E-31B9-6D08-98C10E523E0F}.Release|Any CPU.Build.0 = Release|Any CPU
	EndGlobalSection
	GlobalSection(SolutionProperties) = preSolution
		HideSolutionNode = FALSE
	EndGlobalSection
	GlobalSection(ExtensibilityGlobals) = postSolution
		SolutionGuid = {42293F65-43AA-4483-ADAA-7A3FD1384153}
	EndGlobalSection
EndGlobal
